
Microsoft Visual Studio Solution File, Format Version 12.00
# Visual Studio Version 17
VisualStudioVersion = 17.5.002.0
MinimumVisualStudioVersion = 10.0.40219.1
Project("{9A19103F-16F7-4668-BE54-9A1E7A4F7556}") = "AdventOfCode", "AdventOfCode.csproj", "{7BFBB160-81D9-4185-A215-D6A4419AFBB5}"
EndProject
Global
	GlobalSection(SolutionConfigurationPlatforms) = preSolution
		Debug|Any CPU = Debug|Any CPU
		Release|Any CPU = Release|Any CPU
	EndGlobalSection
	GlobalSection(ProjectConfigurationPlatforms) = postSolution
		{7BFBB160-81D9-4185-A215-D6A4419AFBB5}.Debug|Any CPU.ActiveCfg = Debug|Any CPU
		{7BFBB160-81D9-4185-A215-D6A4419AFBB5}.Debug|Any CPU.Build.0 = Debug|Any CPU
		{7BFBB160-81D9-4185-A215-D6A4419AFBB5}.Release|Any CPU.ActiveCfg = Release|Any CPU
		{7BFBB160-81D9-4185-A215-D6A4419AFBB5}.Release|Any CPU.Build.0 = Release|Any CPU
	EndGlobalSection
	GlobalSection(SolutionProperties) = preSolution
		HideSolutionNode = FALSE
	EndGlobalSection
	GlobalSection(ExtensibilityGlobals) = postSolution
		SolutionGuid = {00386C38-8977-4B94-A5F7-E51B3677BABF}
	EndGlobalSection
EndGlobal
